
Microsoft Visual Studio Solution File, Format Version 12.00
# Visual Studio Version 17
VisualStudioVersion = 17.3.32825.248
MinimumVisualStudioVersion = 10.0.40219.1
Project("{FAE04EC0-301F-11D3-BF4B-00C04F79EFBC}") = "Traveling.Android", "Traveling\Traveling.Android\Traveling.Android.csproj", "{17382CF2-1C99-459D-94F0-F58346FCDFE9}"
EndProject
Project("{FAE04EC0-301F-11D3-BF4B-00C04F79EFBC}") = "Traveling", "Traveling\Traveling\Traveling.csproj", "{1F633198-351A-4C4C-AA0B-DC7F4A48C2A0}"
EndProject
Global
	GlobalSection(SolutionConfigurationPlatforms) = preSolution
		Debug|Any CPU = Debug|Any CPU
		Release|Any CPU = Release|Any CPU
	EndGlobalSection
	GlobalSection(ProjectConfigurationPlatforms) = postSolution
		{17382CF2-1C99-459D-94F0-F58346FCDFE9}.Debug|Any CPU.ActiveCfg = Debug|Any CPU
		{17382CF2-1C99-459D-94F0-F58346FCDFE9}.Debug|Any CPU.Build.0 = Debug|Any CPU
		{17382CF2-1C99-459D-94F0-F58346FCDFE9}.Debug|Any CPU.Deploy.0 = Debug|Any CPU
		{17382CF2-1C99-459D-94F0-F58346FCDFE9}.Release|Any CPU.ActiveCfg = Release|Any CPU
		{17382CF2-1C99-459D-94F0-F58346FCDFE9}.Release|Any CPU.Build.0 = Release|Any CPU
		{17382CF2-1C99-459D-94F0-F58346FCDFE9}.Release|Any CPU.Deploy.0 = Release|Any CPU
		{1F633198-351A-4C4C-AA0B-DC7F4A48C2A0}.Debug|Any CPU.ActiveCfg = Debug|Any CPU
		{1F633198-351A-4C4C-AA0B-DC7F4A48C2A0}.Debug|Any CPU.Build.0 = Debug|Any CPU
		{1F633198-351A-4C4C-AA0B-DC7F4A48C2A0}.Debug|Any CPU.Deploy.0 = Debug|Any CPU
		{1F633198-351A-4C4C-AA0B-DC7F4A48C2A0}.Release|Any CPU.ActiveCfg = Release|Any CPU
		{1F633198-351A-4C4C-AA0B-DC7F4A48C2A0}.Release|Any CPU.Build.0 = Release|Any CPU
		{1F633198-351A-4C4C-AA0B-DC7F4A48C2A0}.Release|Any CPU.Deploy.0 = Release|Any CPU
	EndGlobalSection
	GlobalSection(SolutionProperties) = preSolution
		HideSolutionNode = FALSE
	EndGlobalSection
	GlobalSection(ExtensibilityGlobals) = postSolution
		SolutionGuid = {3260B5D7-459D-464B-B1E1-FE2F4A351E9E}
	EndGlobalSection
EndGlobal
